
Microsoft Visual Studio Solution File, Format Version 12.00
# Visual Studio Version 16
VisualStudioVersion = 16.0.32228.343
MinimumVisualStudioVersion = 10.0.40219.1
Project("{FAE04EC0-301F-11D3-BF4B-00C04F79EFBC}") = "1911065878_tranquangtruong_lab07", "1911065878_tranquangtruong_lab07\1911065878_tranquangtruong_lab07.csproj", "{34799F27-AA79-4761-842C-9B1E911C5344}"
EndProject
Global
	GlobalSection(SolutionConfigurationPlatforms) = preSolution
		Debug|Any CPU = Debug|Any CPU
		Release|Any CPU = Release|Any CPU
	EndGlobalSection
	GlobalSection(ProjectConfigurationPlatforms) = postSolution
		{34799F27-AA79-4761-842C-9B1E911C5344}.Debug|Any CPU.ActiveCfg = Debug|Any CPU
		{34799F27-AA79-4761-842C-9B1E911C5344}.Debug|Any CPU.Build.0 = Debug|Any CPU
		{34799F27-AA79-4761-842C-9B1E911C5344}.Release|Any CPU.ActiveCfg = Release|Any CPU
		{34799F27-AA79-4761-842C-9B1E911C5344}.Release|Any CPU.Build.0 = Release|Any CPU
	EndGlobalSection
	GlobalSection(SolutionProperties) = preSolution
		HideSolutionNode = FALSE
	EndGlobalSection
	GlobalSection(ExtensibilityGlobals) = postSolution
		SolutionGuid = {05C2824A-B524-4C44-97B1-4007A669A2D5}
	EndGlobalSection
EndGlobal
